// !$*UTF8*$!
{
	archiveVersion = 1;
	classes = {
	};
	objectVersion = 55;
	objects = {

/* Begin PBXBuildFile section */
		3BAB88EF2899916100EB3EA3 /* AppDelegate.swift in Sources */ = {isa = PBXBuildFile; fileRef = 3BAB88EE2899916100EB3EA3 /* AppDelegate.swift */; };
		3BAB88F12899916100EB3EA3 /* SceneDelegate.swift in Sources */ = {isa = PBXBuildFile; fileRef = 3BAB88F02899916100EB3EA3 /* SceneDelegate.swift */; };
		3BAB88F82899916C00EB3EA3 /* Assets.xcassets in Resources */ = {isa = PBXBuildFile; fileRef = 3BAB88F72899916C00EB3EA3 /* Assets.xcassets */; };
		3BAB88FB2899916C00EB3EA3 /* LaunchScreen.storyboard in Resources */ = {isa = PBXBuildFile; fileRef = 3BAB88F92899916C00EB3EA3 /* LaunchScreen.storyboard */; };
		3BAB89062899916D00EB3EA3 /* HiringMPSTests.swift in Sources */ = {isa = PBXBuildFile; fileRef = 3BAB89052899916D00EB3EA3 /* HiringMPSTests.swift */; };
		3BAB89102899916D00EB3EA3 /* HiringMPSUITests.swift in Sources */ = {isa = PBXBuildFile; fileRef = 3BAB890F2899916D00EB3EA3 /* HiringMPSUITests.swift */; };
		3BAB89122899916D00EB3EA3 /* HiringMPSUITestsLaunchTests.swift in Sources */ = {isa = PBXBuildFile; fileRef = 3BAB89112899916D00EB3EA3 /* HiringMPSUITestsLaunchTests.swift */; };
/* End PBXBuildFile section */

/* Begin PBXContainerItemProxy section */
		3BAB89022899916D00EB3EA3 /* PBXContainerItemProxy */ = {
			isa = PBXContainerItemProxy;
			containerPortal = 3BAB88E32899916000EB3EA3 /* Project object */;
			proxyType = 1;
			remoteGlobalIDString = 3BAB88EA2899916000EB3EA3;
			remoteInfo = HiringMPS;
		};
		3BAB890C2899916D00EB3EA3 /* PBXContainerItemProxy */ = {
			isa = PBXContainerItemProxy;
			containerPortal = 3BAB88E32899916000EB3EA3 /* Project object */;
			proxyType = 1;
			remoteGlobalIDString = 3BAB88EA2899916000EB3EA3;
			remoteInfo = HiringMPS;
		};
/* End PBXContainerItemProxy section */

/* Begin PBXFileReference section */
		3BAB88EB2899916100EB3EA3 /* HiringMPS.app */ = {isa = PBXFileReference; explicitFileType = wrapper.application; includeInIndex = 0; path = HiringMPS.app; sourceTree = BUILT_PRODUCTS_DIR; };
		3BAB88EE2899916100EB3EA3 /* AppDelegate.swift */ = {isa = PBXFileReference; lastKnownFileType = sourcecode.swift; path = AppDelegate.swift; sourceTree = "<group>"; };
		3BAB88F02899916100EB3EA3 /* SceneDelegate.swift */ = {isa = PBXFileReference; lastKnownFileType = sourcecode.swift; path = SceneDelegate.swift; sourceTree = "<group>"; };
		3BAB88F72899916C00EB3EA3 /* Assets.xcassets */ = {isa = PBXFileReference; lastKnownFileType = folder.assetcatalog; path = Assets.xcassets; sourceTree = "<group>"; };
		3BAB88FA2899916C00EB3EA3 /* Base */ = {isa = PBXFileReference; lastKnownFileType = file.storyboard; name = Base; path = Base.lproj/LaunchScreen.storyboard; sourceTree = "<group>"; };
		3BAB88FC2899916C00EB3EA3 /* Info.plist */ = {isa = PBXFileReference; lastKnownFileType = text.plist.xml; path = Info.plist; sourceTree = "<group>"; };
		3BAB89012899916D00EB3EA3 /* HiringMPSTests.xctest */ = {isa = PBXFileReference; explicitFileType = wrapper.cfbundle; includeInIndex = 0; path = HiringMPSTests.xctest; sourceTree = BUILT_PRODUCTS_DIR; };
		3BAB89052899916D00EB3EA3 /* HiringMPSTests.swift */ = {isa = PBXFileReference; lastKnownFileType = sourcecode.swift; path = HiringMPSTests.swift; sourceTree = "<group>"; };
		3BAB890B2899916D00EB3EA3 /* HiringMPSUITests.xctest */ = {isa = PBXFileReference; explicitFileType = wrapper.cfbundle; includeInIndex = 0; path = HiringMPSUITests.xctest; sourceTree = BUILT_PRODUCTS_DIR; };
		3BAB890F2899916D00EB3EA3 /* HiringMPSUITests.swift */ = {isa = PBXFileReference; lastKnownFileType = sourcecode.swift; path = HiringMPSUITests.swift; sourceTree = "<group>"; };
		3BAB89112899916D00EB3EA3 /* HiringMPSUITestsLaunchTests.swift */ = {isa = PBXFileReference; lastKnownFileType = sourcecode.swift; path = HiringMPSUITestsLaunchTests.swift; sourceTree = "<group>"; };
/* End PBXFileReference section */

/* Begin PBXFrameworksBuildPhase section */
		3BAB88E82899916000EB3EA3 /* Frameworks */ = {
			isa = PBXFrameworksBuildPhase;
			buildActionMask = 2147483647;
			files = (
			);
			runOnlyForDeploymentPostprocessing = 0;
		};
		3BAB88FE2899916D00EB3EA3 /* Frameworks */ = {
			isa = PBXFrameworksBuildPhase;
			buildActionMask = 2147483647;
			files = (
			);
			runOnlyForDeploymentPostprocessing = 0;
		};
		3BAB89082899916D00EB3EA3 /* Frameworks */ = {
			isa = PBXFrameworksBuildPhase;
			buildActionMask = 2147483647;
			files = (
			);
			runOnlyForDeploymentPostprocessing = 0;
		};
/* End PBXFrameworksBuildPhase section */

/* Begin PBXGroup section */
		3BAB88E22899916000EB3EA3 = {
			isa = PBXGroup;
			children = (
				3BAB88ED2899916100EB3EA3 /* HiringMPS */,
				3BAB89042899916D00EB3EA3 /* HiringMPSTests */,
				3BAB890E2899916D00EB3EA3 /* HiringMPSUITests */,
				3BAB88EC2899916100EB3EA3 /* Products */,
			);
			sourceTree = "<group>";
		};
		3BAB88EC2899916100EB3EA3 /* Products */ = {
			isa = PBXGroup;
			children = (
				3BAB88EB2899916100EB3EA3 /* HiringMPS.app */,
				3BAB89012899916D00EB3EA3 /* HiringMPSTests.xctest */,
				3BAB890B2899916D00EB3EA3 /* HiringMPSUITests.xctest */,
			);
			name = Products;
			sourceTree = "<group>";
		};
		3BAB88ED2899916100EB3EA3 /* HiringMPS */ = {
			isa = PBXGroup;
			children = (
				3BAB88EE2899916100EB3EA3 /* AppDelegate.swift */,
				3BAB88F02899916100EB3EA3 /* SceneDelegate.swift */,
				3BAB891E2899918600EB3EA3 /* Resources */,
			);
			path = HiringMPS;
			sourceTree = "<group>";
		};
		3BAB89042899916D00EB3EA3 /* HiringMPSTests */ = {
			isa = PBXGroup;
			children = (
				3BAB89052899916D00EB3EA3 /* HiringMPSTests.swift */,
			);
			path = HiringMPSTests;
			sourceTree = "<group>";
		};
		3BAB890E2899916D00EB3EA3 /* HiringMPSUITests */ = {
			isa = PBXGroup;
			children = (
				3BAB890F2899916D00EB3EA3 /* HiringMPSUITests.swift */,
				3BAB89112899916D00EB3EA3 /* HiringMPSUITestsLaunchTests.swift */,
			);
			path = HiringMPSUITests;
			sourceTree = "<group>";
		};
		3BAB891E2899918600EB3EA3 /* Resources */ = {
			isa = PBXGroup;
			children = (
				3BAB88F72899916C00EB3EA3 /* Assets.xcassets */,
				3BAB88F92899916C00EB3EA3 /* LaunchScreen.storyboard */,
				3BAB88FC2899916C00EB3EA3 /* Info.plist */,
			);
			path = Resources;
			sourceTree = "<group>";
		};
/* End PBXGroup section */

/* Begin PBXNativeTarget section */
		3BAB88EA2899916000EB3EA3 /* HiringMPS */ = {
			isa = PBXNativeTarget;
			buildConfigurationList = 3BAB89152899916D00EB3EA3 /* Build configuration list for PBXNativeTarget "HiringMPS" */;
			buildPhases = (
				3BAB88E72899916000EB3EA3 /* Sources */,
				3BAB88E82899916000EB3EA3 /* Frameworks */,
				3BAB88E92899916000EB3EA3 /* Resources */,
			);
			buildRules = (
			);
			dependencies = (
			);
			name = HiringMPS;
			productName = HiringMPS;
			productReference = 3BAB88EB2899916100EB3EA3 /* HiringMPS.app */;
			productType = "com.apple.product-type.application";
		};
		3BAB89002899916D00EB3EA3 /* HiringMPSTests */ = {
			isa = PBXNativeTarget;
			buildConfigurationList = 3BAB89182899916D00EB3EA3 /* Build configuration list for PBXNativeTarget "HiringMPSTests" */;
			buildPhases = (
				3BAB88FD2899916D00EB3EA3 /* Sources */,
				3BAB88FE2899916D00EB3EA3 /* Frameworks */,
				3BAB88FF2899916D00EB3EA3 /* Resources */,
			);
			buildRules = (
			);
			dependencies = (
				3BAB89032899916D00EB3EA3 /* PBXTargetDependency */,
			);
			name = HiringMPSTests;
			productName = HiringMPSTests;
			productReference = 3BAB89012899916D00EB3EA3 /* HiringMPSTests.xctest */;
			productType = "com.apple.product-type.bundle.unit-test";
		};
		3BAB890A2899916D00EB3EA3 /* HiringMPSUITests */ = {
			isa = PBXNativeTarget;
			buildConfigurationList = 3BAB891B2899916D00EB3EA3 /* Build configuration list for PBXNativeTarget "HiringMPSUITests" */;
			buildPhases = (
				3BAB89072899916D00EB3EA3 /* Sources */,
				3BAB89082899916D00EB3EA3 /* Frameworks */,
				3BAB89092899916D00EB3EA3 /* Resources */,
			);
			buildRules = (
			);
			dependencies = (
				3BAB890D2899916D00EB3EA3 /* PBXTargetDependency */,
			);
			name = HiringMPSUITests;
			productName = HiringMPSUITests;
			productReference = 3BAB890B2899916D00EB3EA3 /* HiringMPSUITests.xctest */;
			productType = "com.apple.product-type.bundle.ui-testing";
		};
/* End PBXNativeTarget section */

/* Begin PBXProject section */
		3BAB88E32899916000EB3EA3 /* Project object */ = {
			isa = PBXProject;
			attributes = {
				BuildIndependentTargetsInParallel = 1;
				LastSwiftUpdateCheck = 1340;
				LastUpgradeCheck = 1340;
				TargetAttributes = {
					3BAB88EA2899916000EB3EA3 = {
						CreatedOnToolsVersion = 13.4.1;
					};
					3BAB89002899916D00EB3EA3 = {
						CreatedOnToolsVersion = 13.4.1;
						TestTargetID = 3BAB88EA2899916000EB3EA3;
					};
					3BAB890A2899916D00EB3EA3 = {
						CreatedOnToolsVersion = 13.4.1;
						TestTargetID = 3BAB88EA2899916000EB3EA3;
					};
				};
			};
			buildConfigurationList = 3BAB88E62899916000EB3EA3 /* Build configuration list for PBXProject "HiringMPS" */;
			compatibilityVersion = "Xcode 13.0";
			developmentRegion = en;
			hasScannedForEncodings = 0;
			knownRegions = (
				en,
				Base,
			);
			mainGroup = 3BAB88E22899916000EB3EA3;
			productRefGroup = 3BAB88EC2899916100EB3EA3 /* Products */;
			projectDirPath = "";
			projectRoot = "";
			targets = (
				3BAB88EA2899916000EB3EA3 /* HiringMPS */,
				3BAB89002899916D00EB3EA3 /* HiringMPSTests */,
				3BAB890A2899916D00EB3EA3 /* HiringMPSUITests */,
			);
		};
/* End PBXProject section */

/* Begin PBXResourcesBuildPhase section */
		3BAB88E92899916000EB3EA3 /* Resources */ = {
			isa = PBXResourcesBuildPhase;
			buildActionMask = 2147483647;
			files = (
				3BAB88FB2899916C00EB3EA3 /* LaunchScreen.storyboard in Resources */,
				3BAB88F82899916C00EB3EA3 /* Assets.xcassets in Resources */,
			);
			runOnlyForDeploymentPostprocessing = 0;
		};
		3BAB88FF2899916D00EB3EA3 /* Resources */ = {
			isa = PBXResourcesBuildPhase;
			buildActionMask = 2147483647;
			files = (
			);
			runOnlyForDeploymentPostprocessing = 0;
		};
		3BAB89092899916D00EB3EA3 /* Resources */ = {
			isa = PBXResourcesBuildPhase;
			buildActionMask = 2147483647;
			files = (
			);
			runOnlyForDeploymentPostprocessing = 0;
		};
/* End PBXResourcesBuildPhase section */

/* Begin PBXSourcesBuildPhase section */
		3BAB88E72899916000EB3EA3 /* Sources */ = {
			isa = PBXSourcesBuildPhase;
			buildActionMask = 2147483647;
			files = (
				3BAB88EF2899916100EB3EA3 /* AppDelegate.swift in Sources */,
				3BAB88F12899916100EB3EA3 /* SceneDelegate.swift in Sources */,
			);
			runOnlyForDeploymentPostprocessing = 0;
		};
		3BAB88FD2899916D00EB3EA3 /* Sources */ = {
			isa = PBXSourcesBuildPhase;
			buildActionMask = 2147483647;
			files = (
				3BAB89062899916D00EB3EA3 /* HiringMPSTests.swift in Sources */,
			);
			runOnlyForDeploymentPostprocessing = 0;
		};
		3BAB89072899916D00EB3EA3 /* Sources */ = {
			isa = PBXSourcesBuildPhase;
			buildActionMask = 2147483647;
			files = (
				3BAB89122899916D00EB3EA3 /* HiringMPSUITestsLaunchTests.swift in Sources */,
				3BAB89102899916D00EB3EA3 /* HiringMPSUITests.swift in Sources */,
			);
			runOnlyForDeploymentPostprocessing = 0;
		};
/* End PBXSourcesBuildPhase section */

/* Begin PBXTargetDependency section */
		3BAB89032899916D00EB3EA3 /* PBXTargetDependency */ = {
			isa = PBXTargetDependency;
			target = 3BAB88EA2899916000EB3EA3 /* HiringMPS */;
			targetProxy = 3BAB89022899916D00EB3EA3 /* PBXContainerItemProxy */;
		};
		3BAB890D2899916D00EB3EA3 /* PBXTargetDependency */ = {
			isa = PBXTargetDependency;
			target = 3BAB88EA2899916000EB3EA3 /* HiringMPS */;
			targetProxy = 3BAB890C2899916D00EB3EA3 /* PBXContainerItemProxy */;
		};
/* End PBXTargetDependency section */

/* Begin PBXVariantGroup section */
		3BAB88F92899916C00EB3EA3 /* LaunchScreen.storyboard */ = {
			isa = PBXVariantGroup;
			children = (
				3BAB88FA2899916C00EB3EA3 /* Base */,
			);
			name = LaunchScreen.storyboard;
			sourceTree = "<group>";
		};
/* End PBXVariantGroup section */

/* Begin XCBuildConfiguration section */
		3BAB89132899916D00EB3EA3 /* Debug */ = {
			isa = XCBuildConfiguration;
			buildSettings = {
				ALWAYS_SEARCH_USER_PATHS = NO;
				CLANG_ANALYZER_NONNULL = YES;
				CLANG_ANALYZER_NUMBER_OBJECT_CONVERSION = YES_AGGRESSIVE;
				CLANG_CXX_LANGUAGE_STANDARD = "gnu++17";
				CLANG_ENABLE_MODULES = YES;
				CLANG_ENABLE_OBJC_ARC = YES;
				CLANG_ENABLE_OBJC_WEAK = YES;
				CLANG_WARN_BLOCK_CAPTURE_AUTORELEASING = YES;
				CLANG_WARN_BOOL_CONVERSION = YES;
				CLANG_WARN_COMMA = YES;
				CLANG_WARN_CONSTANT_CONVERSION = YES;
				CLANG_WARN_DEPRECATED_OBJC_IMPLEMENTATIONS = YES;
				CLANG_WARN_DIRECT_OBJC_ISA_USAGE = YES_ERROR;
				CLANG_WARN_DOCUMENTATION_COMMENTS = YES;
				CLANG_WARN_EMPTY_BODY = YES;
				CLANG_WARN_ENUM_CONVERSION = YES;
				CLANG_WARN_INFINITE_RECURSION = YES;
				CLANG_WARN_INT_CONVERSION = YES;
				CLANG_WARN_NON_LITERAL_NULL_CONVERSION = YES;
				CLANG_WARN_OBJC_IMPLICIT_RETAIN_SELF = YES;
				CLANG_WARN_OBJC_LITERAL_CONVERSION = YES;
				CLANG_WARN_OBJC_ROOT_CLASS = YES_ERROR;
				CLANG_WARN_QUOTED_INCLUDE_IN_FRAMEWORK_HEADER = YES;
				CLANG_WARN_RANGE_LOOP_ANALYSIS = YES;
				CLANG_WARN_STRICT_PROTOTYPES = YES;
				CLANG_WARN_SUSPICIOUS_MOVE = YES;
				CLANG_WARN_UNGUARDED_AVAILABILITY = YES_AGGRESSIVE;
				CLANG_WARN_UNREACHABLE_CODE = YES;
				CLANG_WARN__DUPLICATE_METHOD_MATCH = YES;
				COPY_PHASE_STRIP = NO;
				DEBUG_INFORMATION_FORMAT = dwarf;
				ENABLE_STRICT_OBJC_MSGSEND = YES;
				ENABLE_TESTABILITY = YES;
				GCC_C_LANGUAGE_STANDARD = gnu11;
				GCC_DYNAMIC_NO_PIC = NO;
				GCC_NO_COMMON_BLOCKS = YES;
				GCC_OPTIMIZATION_LEVEL = 0;
				GCC_PREPROCESSOR_DEFINITIONS = (
					"DEBUG=1",
					"$(inherited)",
				);
				GCC_WARN_64_TO_32_BIT_CONVERSION = YES;
				GCC_WARN_ABOUT_RETURN_TYPE = YES_ERROR;
				GCC_WARN_UNDECLARED_SELECTOR = YES;
				GCC_WARN_UNINITIALIZED_AUTOS = YES_AGGRESSIVE;
				GCC_WARN_UNUSED_FUNCTION = YES;
				GCC_WARN_UNUSED_VARIABLE = YES;
				IPHONEOS_DEPLOYMENT_TARGET = 15.5;
				MTL_ENABLE_DEBUG_INFO = INCLUDE_SOURCE;
				MTL_FAST_MATH = YES;
				ONLY_ACTIVE_ARCH = YES;
				SDKROOT = iphoneos;
				SWIFT_ACTIVE_COMPILATION_CONDITIONS = DEBUG;
				SWIFT_OPTIMIZATION_LEVEL = "-Onone";
			};
			name = Debug;
		};
		3BAB89142899916D00EB3EA3 /* Release */ = {
			isa = XCBuildConfiguration;
			buildSettings = {
				ALWAYS_SEARCH_USER_PATHS = NO;
				CLANG_ANALYZER_NONNULL = YES;
				CLANG_ANALYZER_NUMBER_OBJECT_CONVERSION = YES_AGGRESSIVE;
				CLANG_CXX_LANGUAGE_STANDARD = "gnu++17";
				CLANG_ENABLE_MODULES = YES;
				CLANG_ENABLE_OBJC_ARC = YES;
				CLANG_ENABLE_OBJC_WEAK = YES;
				CLANG_WARN_BLOCK_CAPTURE_AUTORELEASING = YES;
				CLANG_WARN_BOOL_CONVERSION = YES;
				CLANG_WARN_COMMA = YES;
				CLANG_WARN_CONSTANT_CONVERSION = YES;
				CLANG_WARN_DEPRECATED_OBJC_IMPLEMENTATIONS = YES;
				CLANG_WARN_DIRECT_OBJC_ISA_USAGE = YES_ERROR;
				CLANG_WARN_DOCUMENTATION_COMMENTS = YES;
				CLANG_WARN_EMPTY_BODY = YES;
				CLANG_WARN_ENUM_CONVERSION = YES;
				CLANG_WARN_INFINITE_RECURSION = YES;
				CLANG_WARN_INT_CONVERSION = YES;
				CLANG_WARN_NON_LITERAL_NULL_CONVERSION = YES;
				CLANG_WARN_OBJC_IMPLICIT_RETAIN_SELF = YES;
				CLANG_WARN_OBJC_LITERAL_CONVERSION = YES;
				CLANG_WARN_OBJC_ROOT_CLASS = YES_ERROR;
				CLANG_WARN_QUOTED_INCLUDE_IN_FRAMEWORK_HEADER = YES;
				CLANG_WARN_RANGE_LOOP_ANALYSIS = YES;
				CLANG_WARN_STRICT_PROTOTYPES = YES;
				CLANG_WARN_SUSPICIOUS_MOVE = YES;
				CLANG_WARN_UNGUARDED_AVAILABILITY = YES_AGGRESSIVE;
				CLANG_WARN_UNREACHABLE_CODE = YES;
				CLANG_WARN__DUPLICATE_METHOD_MATCH = YES;
				COPY_PHASE_STRIP = NO;
				DEBUG_INFORMATION_FORMAT = "dwarf-with-dsym";
				ENABLE_NS_ASSERTIONS = NO;
				ENABLE_STRICT_OBJC_MSGSEND = YES;
				GCC_C_LANGUAGE_STANDARD = gnu11;
				GCC_NO_COMMON_BLOCKS = YES;
				GCC_WARN_64_TO_32_BIT_CONVERSION = YES;
				GCC_WARN_ABOUT_RETURN_TYPE = YES_ERROR;
				GCC_WARN_UNDECLARED_SELECTOR = YES;
				GCC_WARN_UNINITIALIZED_AUTOS = YES_AGGRESSIVE;
				GCC_WARN_UNUSED_FUNCTION = YES;
				GCC_WARN_UNUSED_VARIABLE = YES;
				IPHONEOS_DEPLOYMENT_TARGET = 15.5;
				MTL_ENABLE_DEBUG_INFO = NO;
				MTL_FAST_MATH = YES;
				SDKROOT = iphoneos;
				SWIFT_COMPILATION_MODE = wholemodule;
				SWIFT_OPTIMIZATION_LEVEL = "-O";
				VALIDATE_PRODUCT = YES;
			};
			name = Release;
		};
		3BAB89162899916D00EB3EA3 /* Debug */ = {
			isa = XCBuildConfiguration;
			buildSettings = {
				ASSETCATALOG_COMPILER_APPICON_NAME = AppIcon;
				ASSETCATALOG_COMPILER_GLOBAL_ACCENT_COLOR_NAME = AccentColor;
				CODE_SIGN_STYLE = Automatic;
				CURRENT_PROJECT_VERSION = 1;
				DEVELOPMENT_TEAM = QH3XGD28XC;
				GENERATE_INFOPLIST_FILE = YES;
				INFOPLIST_FILE = HiringMPS/Resources/Info.plist;
				INFOPLIST_KEY_UIApplicationSupportsIndirectInputEvents = YES;
				INFOPLIST_KEY_UILaunchStoryboardName = LaunchScreen;
				INFOPLIST_KEY_UISupportedInterfaceOrientations_iPad = "UIInterfaceOrientationPortrait UIInterfaceOrientationPortraitUpsideDown UIInterfaceOrientationLandscapeLeft UIInterfaceOrientationLandscapeRight";
				INFOPLIST_KEY_UISupportedInterfaceOrientations_iPhone = "UIInterfaceOrientationPortrait UIInterfaceOrientationLandscapeLeft UIInterfaceOrientationLandscapeRight";
				LD_RUNPATH_SEARCH_PATHS = (
					"$(inherited)",
					"@executable_path/Frameworks",
				);
				MARKETING_VERSION = 1.0;
				PRODUCT_BUNDLE_IDENTIFIER = com.dmytrovorko.HiringMPS;
				PRODUCT_NAME = "$(TARGET_NAME)";
				SWIFT_EMIT_LOC_STRINGS = YES;
				SWIFT_VERSION = 5.0;
				TARGETED_DEVICE_FAMILY = "1,2";
			};
			name = Debug;
		};
		3BAB89172899916D00EB3EA3 /* Release */ = {
			isa = XCBuildConfiguration;
			buildSettings = {
				ASSETCATALOG_COMPILER_APPICON_NAME = AppIcon;
				ASSETCATALOG_COMPILER_GLOBAL_ACCENT_COLOR_NAME = AccentColor;
				CODE_SIGN_STYLE = Automatic;
				CURRENT_PROJECT_VERSION = 1;
				DEVELOPMENT_TEAM = QH3XGD28XC;
				GENERATE_INFOPLIST_FILE = YES;
				INFOPLIST_FILE = HiringMPS/Resources/Info.plist;
				INFOPLIST_KEY_UIApplicationSupportsIndirectInputEvents = YES;
				INFOPLIST_KEY_UILaunchStoryboardName = LaunchScreen;
				INFOPLIST_KEY_UISupportedInterfaceOrientations_iPad = "UIInterfaceOrientationPortrait UIInterfaceOrientationPortraitUpsideDown UIInterfaceOrientationLandscapeLeft UIInterfaceOrientationLandscapeRight";
				INFOPLIST_KEY_UISupportedInterfaceOrientations_iPhone = "UIInterfaceOrientationPortrait UIInterfaceOrientationLandscapeLeft UIInterfaceOrientationLandscapeRight";
				LD_RUNPATH_SEARCH_PATHS = (
					"$(inherited)",
					"@executable_path/Frameworks",
				);
				MARKETING_VERSION = 1.0;
				PRODUCT_BUNDLE_IDENTIFIER = com.dmytrovorko.HiringMPS;
				PRODUCT_NAME = "$(TARGET_NAME)";
				SWIFT_EMIT_LOC_STRINGS = YES;
				SWIFT_VERSION = 5.0;
				TARGETED_DEVICE_FAMILY = "1,2";
			};
			name = Release;
		};
		3BAB89192899916D00EB3EA3 /* Debug */ = {
			isa = XCBuildConfiguration;
			buildSettings = {
				ALWAYS_EMBED_SWIFT_STANDARD_LIBRARIES = YES;
				BUNDLE_LOADER = "$(TEST_HOST)";
				CODE_SIGN_STYLE = Automatic;
				CURRENT_PROJECT_VERSION = 1;
				DEVELOPMENT_TEAM = QH3XGD28XC;
				GENERATE_INFOPLIST_FILE = YES;
				IPHONEOS_DEPLOYMENT_TARGET = 15.5;
				MARKETING_VERSION = 1.0;
				PRODUCT_BUNDLE_IDENTIFIER = com.dmytrovorko.HiringMPSTests;
				PRODUCT_NAME = "$(TARGET_NAME)";
				SWIFT_EMIT_LOC_STRINGS = NO;
				SWIFT_VERSION = 5.0;
				TARGETED_DEVICE_FAMILY = "1,2";
				TEST_HOST = "$(BUILT_PRODUCTS_DIR)/HiringMPS.app/HiringMPS";
			};
			name = Debug;
		};
		3BAB891A2899916D00EB3EA3 /* Release */ = {
			isa = XCBuildConfiguration;
			buildSettings = {
				ALWAYS_EMBED_SWIFT_STANDARD_LIBRARIES = YES;
				BUNDLE_LOADER = "$(TEST_HOST)";
				CODE_SIGN_STYLE = Automatic;
				CURRENT_PROJECT_VERSION = 1;
				DEVELOPMENT_TEAM = QH3XGD28XC;
				GENERATE_INFOPLIST_FILE = YES;
				IPHONEOS_DEPLOYMENT_TARGET = 15.5;
				MARKETING_VERSION = 1.0;
				PRODUCT_BUNDLE_IDENTIFIER = com.dmytrovorko.HiringMPSTests;
				PRODUCT_NAME = "$(TARGET_NAME)";
				SWIFT_EMIT_LOC_STRINGS = NO;
				SWIFT_VERSION = 5.0;
				TARGETED_DEVICE_FAMILY = "1,2";
				TEST_HOST = "$(BUILT_PRODUCTS_DIR)/HiringMPS.app/HiringMPS";
			};
			name = Release;
		};
		3BAB891C2899916D00EB3EA3 /* Debug */ = {
			isa = XCBuildConfiguration;
			buildSettings = {
				ALWAYS_EMBED_SWIFT_STANDARD_LIBRARIES = YES;
				CODE_SIGN_STYLE = Automatic;
				CURRENT_PROJECT_VERSION = 1;
				DEVELOPMENT_TEAM = QH3XGD28XC;
				GENERATE_INFOPLIST_FILE = YES;
				MARKETING_VERSION = 1.0;
				PRODUCT_BUNDLE_IDENTIFIER = com.dmytrovorko.HiringMPSUITests;
				PRODUCT_NAME = "$(TARGET_NAME)";
				SWIFT_EMIT_LOC_STRINGS = NO;
				SWIFT_VERSION = 5.0;
				TARGETED_DEVICE_FAMILY = "1,2";
				TEST_TARGET_NAME = HiringMPS;
			};
			name = Debug;
		};
		3BAB891D2899916D00EB3EA3 /* Release */ = {
			isa = XCBuildConfiguration;
			buildSettings = {
				ALWAYS_EMBED_SWIFT_STANDARD_LIBRARIES = YES;
				CODE_SIGN_STYLE = Automatic;
				CURRENT_PROJECT_VERSION = 1;
				DEVELOPMENT_TEAM = QH3XGD28XC;
				GENERATE_INFOPLIST_FILE = YES;
				MARKETING_VERSION = 1.0;
				PRODUCT_BUNDLE_IDENTIFIER = com.dmytrovorko.HiringMPSUITests;
				PRODUCT_NAME = "$(TARGET_NAME)";
				SWIFT_EMIT_LOC_STRINGS = NO;
				SWIFT_VERSION = 5.0;
				TARGETED_DEVICE_FAMILY = "1,2";
				TEST_TARGET_NAME = HiringMPS;
			};
			name = Release;
		};
/* End XCBuildConfiguration section */

/* Begin XCConfigurationList section */
		3BAB88E62899916000EB3EA3 /* Build configuration list for PBXProject "HiringMPS" */ = {
			isa = XCConfigurationList;
			buildConfigurations = (
				3BAB89132899916D00EB3EA3 /* Debug */,
				3BAB89142899916D00EB3EA3 /* Release */,
			);
			defaultConfigurationIsVisible = 0;
			defaultConfigurationName = Release;
		};
		3BAB89152899916D00EB3EA3 /* Build configuration list for PBXNativeTarget "HiringMPS" */ = {
			isa = XCConfigurationList;
			buildConfigurations = (
				3BAB89162899916D00EB3EA3 /* Debug */,
				3BAB89172899916D00EB3EA3 /* Release */,
			);
			defaultConfigurationIsVisible = 0;
			defaultConfigurationName = Release;
		};
		3BAB89182899916D00EB3EA3 /* Build configuration list for PBXNativeTarget "HiringMPSTests" */ = {
			isa = XCConfigurationList;
			buildConfigurations = (
				3BAB89192899916D00EB3EA3 /* Debug */,
				3BAB891A2899916D00EB3EA3 /* Release */,
			);
			defaultConfigurationIsVisible = 0;
			defaultConfigurationName = Release;
		};
		3BAB891B2899916D00EB3EA3 /* Build configuration list for PBXNativeTarget "HiringMPSUITests" */ = {
			isa = XCConfigurationList;
			buildConfigurations = (
				3BAB891C2899916D00EB3EA3 /* Debug */,
				3BAB891D2899916D00EB3EA3 /* Release */,
			);
			defaultConfigurationIsVisible = 0;
			defaultConfigurationName = Release;
		};
/* End XCConfigurationList section */
	};
	rootObject = 3BAB88E32899916000EB3EA3 /* Project object */;
}
